// !$*UTF8*$!
{
	archiveVersion = 1;
	classes = {
	};
	objectVersion = 56;
	objects = {

/* Begin PBXBuildFile section */
		76227D4A2A25529F00FB2456 /* AppDelegate.swift in Sources */ = {isa = PBXBuildFile; fileRef = 76227D492A25529F00FB2456 /* AppDelegate.swift */; };
		76227D4C2A25529F00FB2456 /* SceneDelegate.swift in Sources */ = {isa = PBXBuildFile; fileRef = 76227D4B2A25529F00FB2456 /* SceneDelegate.swift */; };
		76227D512A25529F00FB2456 /* Main.storyboard in Resources */ = {isa = PBXBuildFile; fileRef = 76227D4F2A25529F00FB2456 /* Main.storyboard */; };
		76227D532A2552A000FB2456 /* Assets.xcassets in Resources */ = {isa = PBXBuildFile; fileRef = 76227D522A2552A000FB2456 /* Assets.xcassets */; };
		76227D562A2552A000FB2456 /* LaunchScreen.storyboard in Resources */ = {isa = PBXBuildFile; fileRef = 76227D542A2552A000FB2456 /* LaunchScreen.storyboard */; };
		76227D642A25531A00FB2456 /* TestingUITextFiledPropertiesUITests.swift in Sources */ = {isa = PBXBuildFile; fileRef = 76227D632A25531A00FB2456 /* TestingUITextFiledPropertiesUITests.swift */; };
		76227D662A25531A00FB2456 /* TestingUITextFiledPropertiesUITestsLaunchTests.swift in Sources */ = {isa = PBXBuildFile; fileRef = 76227D652A25531A00FB2456 /* TestingUITextFiledPropertiesUITestsLaunchTests.swift */; };
		76227D6D2A2555AE00FB2456 /* SignupViewController.swift in Sources */ = {isa = PBXBuildFile; fileRef = 76227D6C2A2555AE00FB2456 /* SignupViewController.swift */; };
		76227D752A25570F00FB2456 /* TestingUITextFiledPropertiesTests.swift in Sources */ = {isa = PBXBuildFile; fileRef = 76227D742A25570F00FB2456 /* TestingUITextFiledPropertiesTests.swift */; };
/* End PBXBuildFile section */

/* Begin PBXContainerItemProxy section */
		76227D672A25531A00FB2456 /* PBXContainerItemProxy */ = {
			isa = PBXContainerItemProxy;
			containerPortal = 76227D3E2A25529F00FB2456 /* Project object */;
			proxyType = 1;
			remoteGlobalIDString = 76227D452A25529F00FB2456;
			remoteInfo = TestingUITextFiledProperties;
		};
		76227D762A25570F00FB2456 /* PBXContainerItemProxy */ = {
			isa = PBXContainerItemProxy;
			containerPortal = 76227D3E2A25529F00FB2456 /* Project object */;
			proxyType = 1;
			remoteGlobalIDString = 76227D452A25529F00FB2456;
			remoteInfo = TestingUITextFiledProperties;
		};
/* End PBXContainerItemProxy section */

/* Begin PBXFileReference section */
		76227D462A25529F00FB2456 /* TestingUITextFiledProperties.app */ = {isa = PBXFileReference; explicitFileType = wrapper.application; includeInIndex = 0; path = TestingUITextFiledProperties.app; sourceTree = BUILT_PRODUCTS_DIR; };
		76227D492A25529F00FB2456 /* AppDelegate.swift */ = {isa = PBXFileReference; lastKnownFileType = sourcecode.swift; path = AppDelegate.swift; sourceTree = "<group>"; };
		76227D4B2A25529F00FB2456 /* SceneDelegate.swift */ = {isa = PBXFileReference; lastKnownFileType = sourcecode.swift; path = SceneDelegate.swift; sourceTree = "<group>"; };
		76227D502A25529F00FB2456 /* Base */ = {isa = PBXFileReference; lastKnownFileType = file.storyboard; name = Base; path = Base.lproj/Main.storyboard; sourceTree = "<group>"; };
		76227D522A2552A000FB2456 /* Assets.xcassets */ = {isa = PBXFileReference; lastKnownFileType = folder.assetcatalog; path = Assets.xcassets; sourceTree = "<group>"; };
		76227D552A2552A000FB2456 /* Base */ = {isa = PBXFileReference; lastKnownFileType = file.storyboard; name = Base; path = Base.lproj/LaunchScreen.storyboard; sourceTree = "<group>"; };
		76227D572A2552A000FB2456 /* Info.plist */ = {isa = PBXFileReference; lastKnownFileType = text.plist.xml; path = Info.plist; sourceTree = "<group>"; };
		76227D612A25531A00FB2456 /* TestingUITextFiledPropertiesUITests.xctest */ = {isa = PBXFileReference; explicitFileType = wrapper.cfbundle; includeInIndex = 0; path = TestingUITextFiledPropertiesUITests.xctest; sourceTree = BUILT_PRODUCTS_DIR; };
		76227D632A25531A00FB2456 /* TestingUITextFiledPropertiesUITests.swift */ = {isa = PBXFileReference; lastKnownFileType = sourcecode.swift; path = TestingUITextFiledPropertiesUITests.swift; sourceTree = "<group>"; };
		76227D652A25531A00FB2456 /* TestingUITextFiledPropertiesUITestsLaunchTests.swift */ = {isa = PBXFileReference; lastKnownFileType = sourcecode.swift; path = TestingUITextFiledPropertiesUITestsLaunchTests.swift; sourceTree = "<group>"; };
		76227D6C2A2555AE00FB2456 /* SignupViewController.swift */ = {isa = PBXFileReference; lastKnownFileType = sourcecode.swift; path = SignupViewController.swift; sourceTree = "<group>"; };
		76227D722A25570F00FB2456 /* TestingUITextFiledPropertiesTests.xctest */ = {isa = PBXFileReference; explicitFileType = wrapper.cfbundle; includeInIndex = 0; path = TestingUITextFiledPropertiesTests.xctest; sourceTree = BUILT_PRODUCTS_DIR; };
		76227D742A25570F00FB2456 /* TestingUITextFiledPropertiesTests.swift */ = {isa = PBXFileReference; lastKnownFileType = sourcecode.swift; path = TestingUITextFiledPropertiesTests.swift; sourceTree = "<group>"; };
/* End PBXFileReference section */

/* Begin PBXFrameworksBuildPhase section */
		76227D432A25529F00FB2456 /* Frameworks */ = {
			isa = PBXFrameworksBuildPhase;
			buildActionMask = 2147483647;
			files = (
			);
			runOnlyForDeploymentPostprocessing = 0;
		};
		76227D5E2A25531A00FB2456 /* Frameworks */ = {
			isa = PBXFrameworksBuildPhase;
			buildActionMask = 2147483647;
			files = (
			);
			runOnlyForDeploymentPostprocessing = 0;
		};
		76227D6F2A25570F00FB2456 /* Frameworks */ = {
			isa = PBXFrameworksBuildPhase;
			buildActionMask = 2147483647;
			files = (
			);
			runOnlyForDeploymentPostprocessing = 0;
		};
/* End PBXFrameworksBuildPhase section */

/* Begin PBXGroup section */
		76227D3D2A25529F00FB2456 = {
			isa = PBXGroup;
			children = (
				76227D482A25529F00FB2456 /* TestingUITextFiledProperties */,
				76227D622A25531A00FB2456 /* TestingUITextFiledPropertiesUITests */,
				76227D732A25570F00FB2456 /* TestingUITextFiledPropertiesTests */,
				76227D472A25529F00FB2456 /* Products */,
			);
			sourceTree = "<group>";
		};
		76227D472A25529F00FB2456 /* Products */ = {
			isa = PBXGroup;
			children = (
				76227D462A25529F00FB2456 /* TestingUITextFiledProperties.app */,
				76227D612A25531A00FB2456 /* TestingUITextFiledPropertiesUITests.xctest */,
				76227D722A25570F00FB2456 /* TestingUITextFiledPropertiesTests.xctest */,
			);
			name = Products;
			sourceTree = "<group>";
		};
		76227D482A25529F00FB2456 /* TestingUITextFiledProperties */ = {
			isa = PBXGroup;
			children = (
				76227D492A25529F00FB2456 /* AppDelegate.swift */,
				76227D4B2A25529F00FB2456 /* SceneDelegate.swift */,
				76227D4F2A25529F00FB2456 /* Main.storyboard */,
				76227D522A2552A000FB2456 /* Assets.xcassets */,
				76227D542A2552A000FB2456 /* LaunchScreen.storyboard */,
				76227D572A2552A000FB2456 /* Info.plist */,
				76227D6C2A2555AE00FB2456 /* SignupViewController.swift */,
			);
			path = TestingUITextFiledProperties;
			sourceTree = "<group>";
		};
		76227D622A25531A00FB2456 /* TestingUITextFiledPropertiesUITests */ = {
			isa = PBXGroup;
			children = (
				76227D632A25531A00FB2456 /* TestingUITextFiledPropertiesUITests.swift */,
				76227D652A25531A00FB2456 /* TestingUITextFiledPropertiesUITestsLaunchTests.swift */,
			);
			path = TestingUITextFiledPropertiesUITests;
			sourceTree = "<group>";
		};
		76227D732A25570F00FB2456 /* TestingUITextFiledPropertiesTests */ = {
			isa = PBXGroup;
			children = (
				76227D742A25570F00FB2456 /* TestingUITextFiledPropertiesTests.swift */,
			);
			path = TestingUITextFiledPropertiesTests;
			sourceTree = "<group>";
		};
/* End PBXGroup section */

/* Begin PBXNativeTarget section */
		76227D452A25529F00FB2456 /* TestingUITextFiledProperties */ = {
			isa = PBXNativeTarget;
			buildConfigurationList = 76227D5A2A2552A000FB2456 /* Build configuration list for PBXNativeTarget "TestingUITextFiledProperties" */;
			buildPhases = (
				76227D422A25529F00FB2456 /* Sources */,
				76227D432A25529F00FB2456 /* Frameworks */,
				76227D442A25529F00FB2456 /* Resources */,
			);
			buildRules = (
			);
			dependencies = (
			);
			name = TestingUITextFiledProperties;
			productName = TestingUITextFiledProperties;
			productReference = 76227D462A25529F00FB2456 /* TestingUITextFiledProperties.app */;
			productType = "com.apple.product-type.application";
		};
		76227D602A25531A00FB2456 /* TestingUITextFiledPropertiesUITests */ = {
			isa = PBXNativeTarget;
			buildConfigurationList = 76227D692A25531A00FB2456 /* Build configuration list for PBXNativeTarget "TestingUITextFiledPropertiesUITests" */;
			buildPhases = (
				76227D5D2A25531A00FB2456 /* Sources */,
				76227D5E2A25531A00FB2456 /* Frameworks */,
				76227D5F2A25531A00FB2456 /* Resources */,
			);
			buildRules = (
			);
			dependencies = (
				76227D682A25531A00FB2456 /* PBXTargetDependency */,
			);
			name = TestingUITextFiledPropertiesUITests;
			productName = TestingUITextFiledPropertiesUITests;
			productReference = 76227D612A25531A00FB2456 /* TestingUITextFiledPropertiesUITests.xctest */;
			productType = "com.apple.product-type.bundle.ui-testing";
		};
		76227D712A25570F00FB2456 /* TestingUITextFiledPropertiesTests */ = {
			isa = PBXNativeTarget;
			buildConfigurationList = 76227D782A25571000FB2456 /* Build configuration list for PBXNativeTarget "TestingUITextFiledPropertiesTests" */;
			buildPhases = (
				76227D6E2A25570F00FB2456 /* Sources */,
				76227D6F2A25570F00FB2456 /* Frameworks */,
				76227D702A25570F00FB2456 /* Resources */,
			);
			buildRules = (
			);
			dependencies = (
				76227D772A25570F00FB2456 /* PBXTargetDependency */,
			);
			name = TestingUITextFiledPropertiesTests;
			productName = TestingUITextFiledPropertiesTests;
			productReference = 76227D722A25570F00FB2456 /* TestingUITextFiledPropertiesTests.xctest */;
			productType = "com.apple.product-type.bundle.unit-test";
		};
/* End PBXNativeTarget section */

/* Begin PBXProject section */
		76227D3E2A25529F00FB2456 /* Project object */ = {
			isa = PBXProject;
			attributes = {
				BuildIndependentTargetsInParallel = 1;
				LastSwiftUpdateCheck = 1430;
				LastUpgradeCheck = 1430;
				TargetAttributes = {
					76227D452A25529F00FB2456 = {
						CreatedOnToolsVersion = 14.3;
					};
					76227D602A25531A00FB2456 = {
						CreatedOnToolsVersion = 14.3;
						TestTargetID = 76227D452A25529F00FB2456;
					};
					76227D712A25570F00FB2456 = {
						CreatedOnToolsVersion = 14.3;
						TestTargetID = 76227D452A25529F00FB2456;
					};
				};
			};
			buildConfigurationList = 76227D412A25529F00FB2456 /* Build configuration list for PBXProject "TestingUITextFiledProperties" */;
			compatibilityVersion = "Xcode 14.0";
			developmentRegion = en;
			hasScannedForEncodings = 0;
			knownRegions = (
				en,
				Base,
			);
			mainGroup = 76227D3D2A25529F00FB2456;
			productRefGroup = 76227D472A25529F00FB2456 /* Products */;
			projectDirPath = "";
			projectRoot = "";
			targets = (
				76227D452A25529F00FB2456 /* TestingUITextFiledProperties */,
				76227D602A25531A00FB2456 /* TestingUITextFiledPropertiesUITests */,
				76227D712A25570F00FB2456 /* TestingUITextFiledPropertiesTests */,
			);
		};
/* End PBXProject section */

/* Begin PBXResourcesBuildPhase section */
		76227D442A25529F00FB2456 /* Resources */ = {
			isa = PBXResourcesBuildPhase;
			buildActionMask = 2147483647;
			files = (
				76227D562A2552A000FB2456 /* LaunchScreen.storyboard in Resources */,
				76227D532A2552A000FB2456 /* Assets.xcassets in Resources */,
				76227D512A25529F00FB2456 /* Main.storyboard in Resources */,
			);
			runOnlyForDeploymentPostprocessing = 0;
		};
		76227D5F2A25531A00FB2456 /* Resources */ = {
			isa = PBXResourcesBuildPhase;
			buildActionMask = 2147483647;
			files = (
			);
			runOnlyForDeploymentPostprocessing = 0;
		};
		76227D702A25570F00FB2456 /* Resources */ = {
			isa = PBXResourcesBuildPhase;
			buildActionMask = 2147483647;
			files = (
			);
			runOnlyForDeploymentPostprocessing = 0;
		};
/* End PBXResourcesBuildPhase section */

/* Begin PBXSourcesBuildPhase section */
		76227D422A25529F00FB2456 /* Sources */ = {
			isa = PBXSourcesBuildPhase;
			buildActionMask = 2147483647;
			files = (
				76227D4A2A25529F00FB2456 /* AppDelegate.swift in Sources */,
				76227D6D2A2555AE00FB2456 /* SignupViewController.swift in Sources */,
				76227D4C2A25529F00FB2456 /* SceneDelegate.swift in Sources */,
			);
			runOnlyForDeploymentPostprocessing = 0;
		};
		76227D5D2A25531A00FB2456 /* Sources */ = {
			isa = PBXSourcesBuildPhase;
			buildActionMask = 2147483647;
			files = (
				76227D662A25531A00FB2456 /* TestingUITextFiledPropertiesUITestsLaunchTests.swift in Sources */,
				76227D642A25531A00FB2456 /* TestingUITextFiledPropertiesUITests.swift in Sources */,
			);
			runOnlyForDeploymentPostprocessing = 0;
		};
		76227D6E2A25570F00FB2456 /* Sources */ = {
			isa = PBXSourcesBuildPhase;
			buildActionMask = 2147483647;
			files = (
				76227D752A25570F00FB2456 /* TestingUITextFiledPropertiesTests.swift in Sources */,
			);
			runOnlyForDeploymentPostprocessing = 0;
		};
/* End PBXSourcesBuildPhase section */

/* Begin PBXTargetDependency section */
		76227D682A25531A00FB2456 /* PBXTargetDependency */ = {
			isa = PBXTargetDependency;
			target = 76227D452A25529F00FB2456 /* TestingUITextFiledProperties */;
			targetProxy = 76227D672A25531A00FB2456 /* PBXContainerItemProxy */;
		};
		76227D772A25570F00FB2456 /* PBXTargetDependency */ = {
			isa = PBXTargetDependency;
			target = 76227D452A25529F00FB2456 /* TestingUITextFiledProperties */;
			targetProxy = 76227D762A25570F00FB2456 /* PBXContainerItemProxy */;
		};
/* End PBXTargetDependency section */

/* Begin PBXVariantGroup section */
		76227D4F2A25529F00FB2456 /* Main.storyboard */ = {
			isa = PBXVariantGroup;
			children = (
				76227D502A25529F00FB2456 /* Base */,
			);
			name = Main.storyboard;
			sourceTree = "<group>";
		};
		76227D542A2552A000FB2456 /* LaunchScreen.storyboard */ = {
			isa = PBXVariantGroup;
			children = (
				76227D552A2552A000FB2456 /* Base */,
			);
			name = LaunchScreen.storyboard;
			sourceTree = "<group>";
		};
/* End PBXVariantGroup section */

/* Begin XCBuildConfiguration section */
		76227D582A2552A000FB2456 /* Debug */ = {
			isa = XCBuildConfiguration;
			buildSettings = {
				ALWAYS_SEARCH_USER_PATHS = NO;
				CLANG_ANALYZER_NONNULL = YES;
				CLANG_ANALYZER_NUMBER_OBJECT_CONVERSION = YES_AGGRESSIVE;
				CLANG_CXX_LANGUAGE_STANDARD = "gnu++20";
				CLANG_ENABLE_MODULES = YES;
				CLANG_ENABLE_OBJC_ARC = YES;
				CLANG_ENABLE_OBJC_WEAK = YES;
				CLANG_WARN_BLOCK_CAPTURE_AUTORELEASING = YES;
				CLANG_WARN_BOOL_CONVERSION = YES;
				CLANG_WARN_COMMA = YES;
				CLANG_WARN_CONSTANT_CONVERSION = YES;
				CLANG_WARN_DEPRECATED_OBJC_IMPLEMENTATIONS = YES;
				CLANG_WARN_DIRECT_OBJC_ISA_USAGE = YES_ERROR;
				CLANG_WARN_DOCUMENTATION_COMMENTS = YES;
				CLANG_WARN_EMPTY_BODY = YES;
				CLANG_WARN_ENUM_CONVERSION = YES;
				CLANG_WARN_INFINITE_RECURSION = YES;
				CLANG_WARN_INT_CONVERSION = YES;
				CLANG_WARN_NON_LITERAL_NULL_CONVERSION = YES;
				CLANG_WARN_OBJC_IMPLICIT_RETAIN_SELF = YES;
				CLANG_WARN_OBJC_LITERAL_CONVERSION = YES;
				CLANG_WARN_OBJC_ROOT_CLASS = YES_ERROR;
				CLANG_WARN_QUOTED_INCLUDE_IN_FRAMEWORK_HEADER = YES;
				CLANG_WARN_RANGE_LOOP_ANALYSIS = YES;
				CLANG_WARN_STRICT_PROTOTYPES = YES;
				CLANG_WARN_SUSPICIOUS_MOVE = YES;
				CLANG_WARN_UNGUARDED_AVAILABILITY = YES_AGGRESSIVE;
				CLANG_WARN_UNREACHABLE_CODE = YES;
				CLANG_WARN__DUPLICATE_METHOD_MATCH = YES;
				COPY_PHASE_STRIP = NO;
				DEBUG_INFORMATION_FORMAT = dwarf;
				ENABLE_STRICT_OBJC_MSGSEND = YES;
				ENABLE_TESTABILITY = YES;
				GCC_C_LANGUAGE_STANDARD = gnu11;
				GCC_DYNAMIC_NO_PIC = NO;
				GCC_NO_COMMON_BLOCKS = YES;
				GCC_OPTIMIZATION_LEVEL = 0;
				GCC_PREPROCESSOR_DEFINITIONS = (
					"DEBUG=1",
					"$(inherited)",
				);
				GCC_WARN_64_TO_32_BIT_CONVERSION = YES;
				GCC_WARN_ABOUT_RETURN_TYPE = YES_ERROR;
				GCC_WARN_UNDECLARED_SELECTOR = YES;
				GCC_WARN_UNINITIALIZED_AUTOS = YES_AGGRESSIVE;
				GCC_WARN_UNUSED_FUNCTION = YES;
				GCC_WARN_UNUSED_VARIABLE = YES;
				IPHONEOS_DEPLOYMENT_TARGET = 16.4;
				MTL_ENABLE_DEBUG_INFO = INCLUDE_SOURCE;
				MTL_FAST_MATH = YES;
				ONLY_ACTIVE_ARCH = YES;
				SDKROOT = iphoneos;
				SWIFT_ACTIVE_COMPILATION_CONDITIONS = DEBUG;
				SWIFT_OPTIMIZATION_LEVEL = "-Onone";
			};
			name = Debug;
		};
		76227D592A2552A000FB2456 /* Release */ = {
			isa = XCBuildConfiguration;
			buildSettings = {
				ALWAYS_SEARCH_USER_PATHS = NO;
				CLANG_ANALYZER_NONNULL = YES;
				CLANG_ANALYZER_NUMBER_OBJECT_CONVERSION = YES_AGGRESSIVE;
				CLANG_CXX_LANGUAGE_STANDARD = "gnu++20";
				CLANG_ENABLE_MODULES = YES;
				CLANG_ENABLE_OBJC_ARC = YES;
				CLANG_ENABLE_OBJC_WEAK = YES;
				CLANG_WARN_BLOCK_CAPTURE_AUTORELEASING = YES;
				CLANG_WARN_BOOL_CONVERSION = YES;
				CLANG_WARN_COMMA = YES;
				CLANG_WARN_CONSTANT_CONVERSION = YES;
				CLANG_WARN_DEPRECATED_OBJC_IMPLEMENTATIONS = YES;
				CLANG_WARN_DIRECT_OBJC_ISA_USAGE = YES_ERROR;
				CLANG_WARN_DOCUMENTATION_COMMENTS = YES;
				CLANG_WARN_EMPTY_BODY = YES;
				CLANG_WARN_ENUM_CONVERSION = YES;
				CLANG_WARN_INFINITE_RECURSION = YES;
				CLANG_WARN_INT_CONVERSION = YES;
				CLANG_WARN_NON_LITERAL_NULL_CONVERSION = YES;
				CLANG_WARN_OBJC_IMPLICIT_RETAIN_SELF = YES;
				CLANG_WARN_OBJC_LITERAL_CONVERSION = YES;
				CLANG_WARN_OBJC_ROOT_CLASS = YES_ERROR;
				CLANG_WARN_QUOTED_INCLUDE_IN_FRAMEWORK_HEADER = YES;
				CLANG_WARN_RANGE_LOOP_ANALYSIS = YES;
				CLANG_WARN_STRICT_PROTOTYPES = YES;
				CLANG_WARN_SUSPICIOUS_MOVE = YES;
				CLANG_WARN_UNGUARDED_AVAILABILITY = YES_AGGRESSIVE;
				CLANG_WARN_UNREACHABLE_CODE = YES;
				CLANG_WARN__DUPLICATE_METHOD_MATCH = YES;
				COPY_PHASE_STRIP = NO;
				DEBUG_INFORMATION_FORMAT = "dwarf-with-dsym";
				ENABLE_NS_ASSERTIONS = NO;
				ENABLE_STRICT_OBJC_MSGSEND = YES;
				GCC_C_LANGUAGE_STANDARD = gnu11;
				GCC_NO_COMMON_BLOCKS = YES;
				GCC_WARN_64_TO_32_BIT_CONVERSION = YES;
				GCC_WARN_ABOUT_RETURN_TYPE = YES_ERROR;
				GCC_WARN_UNDECLARED_SELECTOR = YES;
				GCC_WARN_UNINITIALIZED_AUTOS = YES_AGGRESSIVE;
				GCC_WARN_UNUSED_FUNCTION = YES;
				GCC_WARN_UNUSED_VARIABLE = YES;
				IPHONEOS_DEPLOYMENT_TARGET = 16.4;
				MTL_ENABLE_DEBUG_INFO = NO;
				MTL_FAST_MATH = YES;
				SDKROOT = iphoneos;
				SWIFT_COMPILATION_MODE = wholemodule;
				SWIFT_OPTIMIZATION_LEVEL = "-O";
				VALIDATE_PRODUCT = YES;
			};
			name = Release;
		};
		76227D5B2A2552A000FB2456 /* Debug */ = {
			isa = XCBuildConfiguration;
			buildSettings = {
				ASSETCATALOG_COMPILER_APPICON_NAME = AppIcon;
				ASSETCATALOG_COMPILER_GLOBAL_ACCENT_COLOR_NAME = AccentColor;
				CODE_SIGN_STYLE = Automatic;
				CURRENT_PROJECT_VERSION = 1;
				DEVELOPMENT_TEAM = YBSCA9MEQ4;
				GENERATE_INFOPLIST_FILE = YES;
				INFOPLIST_FILE = TestingUITextFiledProperties/Info.plist;
				INFOPLIST_KEY_UIApplicationSupportsIndirectInputEvents = YES;
				INFOPLIST_KEY_UILaunchStoryboardName = LaunchScreen;
				INFOPLIST_KEY_UIMainStoryboardFile = Main;
				INFOPLIST_KEY_UISupportedInterfaceOrientations_iPad = "UIInterfaceOrientationPortrait UIInterfaceOrientationPortraitUpsideDown UIInterfaceOrientationLandscapeLeft UIInterfaceOrientationLandscapeRight";
				INFOPLIST_KEY_UISupportedInterfaceOrientations_iPhone = "UIInterfaceOrientationPortrait UIInterfaceOrientationLandscapeLeft UIInterfaceOrientationLandscapeRight";
				LD_RUNPATH_SEARCH_PATHS = (
					"$(inherited)",
					"@executable_path/Frameworks",
				);
				MARKETING_VERSION = 1.0;
				PRODUCT_BUNDLE_IDENTIFIER = com.rquesada.TestingUITextFiledProperties;
				PRODUCT_NAME = "$(TARGET_NAME)";
				SWIFT_EMIT_LOC_STRINGS = YES;
				SWIFT_VERSION = 5.0;
				TARGETED_DEVICE_FAMILY = "1,2";
			};
			name = Debug;
		};
		76227D5C2A2552A000FB2456 /* Release */ = {
			isa = XCBuildConfiguration;
			buildSettings = {
				ASSETCATALOG_COMPILER_APPICON_NAME = AppIcon;
				ASSETCATALOG_COMPILER_GLOBAL_ACCENT_COLOR_NAME = AccentColor;
				CODE_SIGN_STYLE = Automatic;
				CURRENT_PROJECT_VERSION = 1;
				DEVELOPMENT_TEAM = YBSCA9MEQ4;
				GENERATE_INFOPLIST_FILE = YES;
				INFOPLIST_FILE = TestingUITextFiledProperties/Info.plist;
				INFOPLIST_KEY_UIApplicationSupportsIndirectInputEvents = YES;
				INFOPLIST_KEY_UILaunchStoryboardName = LaunchScreen;
				INFOPLIST_KEY_UIMainStoryboardFile = Main;
				INFOPLIST_KEY_UISupportedInterfaceOrientations_iPad = "UIInterfaceOrientationPortrait UIInterfaceOrientationPortraitUpsideDown UIInterfaceOrientationLandscapeLeft UIInterfaceOrientationLandscapeRight";
				INFOPLIST_KEY_UISupportedInterfaceOrientations_iPhone = "UIInterfaceOrientationPortrait UIInterfaceOrientationLandscapeLeft UIInterfaceOrientationLandscapeRight";
				LD_RUNPATH_SEARCH_PATHS = (
					"$(inherited)",
					"@executable_path/Frameworks",
				);
				MARKETING_VERSION = 1.0;
				PRODUCT_BUNDLE_IDENTIFIER = com.rquesada.TestingUITextFiledProperties;
				PRODUCT_NAME = "$(TARGET_NAME)";
				SWIFT_EMIT_LOC_STRINGS = YES;
				SWIFT_VERSION = 5.0;
				TARGETED_DEVICE_FAMILY = "1,2";
			};
			name = Release;
		};
		76227D6A2A25531A00FB2456 /* Debug */ = {
			isa = XCBuildConfiguration;
			buildSettings = {
				CODE_SIGN_STYLE = Automatic;
				CURRENT_PROJECT_VERSION = 1;
				DEVELOPMENT_TEAM = YBSCA9MEQ4;
				GENERATE_INFOPLIST_FILE = YES;
				MARKETING_VERSION = 1.0;
				PRODUCT_BUNDLE_IDENTIFIER = com.rquesada.TestingUITextFiledPropertiesUITests;
				PRODUCT_NAME = "$(TARGET_NAME)";
				SWIFT_EMIT_LOC_STRINGS = NO;
				SWIFT_VERSION = 5.0;
				TARGETED_DEVICE_FAMILY = "1,2";
				TEST_TARGET_NAME = TestingUITextFiledProperties;
			};
			name = Debug;
		};
		76227D6B2A25531A00FB2456 /* Release */ = {
			isa = XCBuildConfiguration;
			buildSettings = {
				CODE_SIGN_STYLE = Automatic;
				CURRENT_PROJECT_VERSION = 1;
				DEVELOPMENT_TEAM = YBSCA9MEQ4;
				GENERATE_INFOPLIST_FILE = YES;
				MARKETING_VERSION = 1.0;
				PRODUCT_BUNDLE_IDENTIFIER = com.rquesada.TestingUITextFiledPropertiesUITests;
				PRODUCT_NAME = "$(TARGET_NAME)";
				SWIFT_EMIT_LOC_STRINGS = NO;
				SWIFT_VERSION = 5.0;
				TARGETED_DEVICE_FAMILY = "1,2";
				TEST_TARGET_NAME = TestingUITextFiledProperties;
			};
			name = Release;
		};
		76227D792A25571000FB2456 /* Debug */ = {
			isa = XCBuildConfiguration;
			buildSettings = {
				BUNDLE_LOADER = "$(TEST_HOST)";
				CODE_SIGN_STYLE = Automatic;
				CURRENT_PROJECT_VERSION = 1;
				DEVELOPMENT_TEAM = YBSCA9MEQ4;
				GENERATE_INFOPLIST_FILE = YES;
				MARKETING_VERSION = 1.0;
				PRODUCT_BUNDLE_IDENTIFIER = com.rquesada.TestingUITextFiledPropertiesTests;
				PRODUCT_NAME = "$(TARGET_NAME)";
				SWIFT_EMIT_LOC_STRINGS = NO;
				SWIFT_VERSION = 5.0;
				TARGETED_DEVICE_FAMILY = "1,2";
				TEST_HOST = "$(BUILT_PRODUCTS_DIR)/TestingUITextFiledProperties.app/$(BUNDLE_EXECUTABLE_FOLDER_PATH)/TestingUITextFiledProperties";
			};
			name = Debug;
		};
		76227D7A2A25571000FB2456 /* Release */ = {
			isa = XCBuildConfiguration;
			buildSettings = {
				BUNDLE_LOADER = "$(TEST_HOST)";
				CODE_SIGN_STYLE = Automatic;
				CURRENT_PROJECT_VERSION = 1;
				DEVELOPMENT_TEAM = YBSCA9MEQ4;
				GENERATE_INFOPLIST_FILE = YES;
				MARKETING_VERSION = 1.0;
				PRODUCT_BUNDLE_IDENTIFIER = com.rquesada.TestingUITextFiledPropertiesTests;
				PRODUCT_NAME = "$(TARGET_NAME)";
				SWIFT_EMIT_LOC_STRINGS = NO;
				SWIFT_VERSION = 5.0;
				TARGETED_DEVICE_FAMILY = "1,2";
				TEST_HOST = "$(BUILT_PRODUCTS_DIR)/TestingUITextFiledProperties.app/$(BUNDLE_EXECUTABLE_FOLDER_PATH)/TestingUITextFiledProperties";
			};
			name = Release;
		};
/* End XCBuildConfiguration section */

/* Begin XCConfigurationList section */
		76227D412A25529F00FB2456 /* Build configuration list for PBXProject "TestingUITextFiledProperties" */ = {
			isa = XCConfigurationList;
			buildConfigurations = (
				76227D582A2552A000FB2456 /* Debug */,
				76227D592A2552A000FB2456 /* Release */,
			);
			defaultConfigurationIsVisible = 0;
			defaultConfigurationName = Release;
		};
		76227D5A2A2552A000FB2456 /* Build configuration list for PBXNativeTarget "TestingUITextFiledProperties" */ = {
			isa = XCConfigurationList;
			buildConfigurations = (
				76227D5B2A2552A000FB2456 /* Debug */,
				76227D5C2A2552A000FB2456 /* Release */,
			);
			defaultConfigurationIsVisible = 0;
			defaultConfigurationName = Release;
		};
		76227D692A25531A00FB2456 /* Build configuration list for PBXNativeTarget "TestingUITextFiledPropertiesUITests" */ = {
			isa = XCConfigurationList;
			buildConfigurations = (
				76227D6A2A25531A00FB2456 /* Debug */,
				76227D6B2A25531A00FB2456 /* Release */,
			);
			defaultConfigurationIsVisible = 0;
			defaultConfigurationName = Release;
		};
		76227D782A25571000FB2456 /* Build configuration list for PBXNativeTarget "TestingUITextFiledPropertiesTests" */ = {
			isa = XCConfigurationList;
			buildConfigurations = (
				76227D792A25571000FB2456 /* Debug */,
				76227D7A2A25571000FB2456 /* Release */,
			);
			defaultConfigurationIsVisible = 0;
			defaultConfigurationName = Release;
		};
/* End XCConfigurationList section */
	};
	rootObject = 76227D3E2A25529F00FB2456 /* Project object */;
}
