// !$*UTF8*$!
{
	archiveVersion = 1;
	classes = {
	};
	objectVersion = 56;
	objects = {

/* Begin PBXBuildFile section */
		76227D162A25436E00FB2456 /* AppDelegate.swift in Sources */ = {isa = PBXBuildFile; fileRef = 76227D152A25436E00FB2456 /* AppDelegate.swift */; };
		76227D182A25436E00FB2456 /* SceneDelegate.swift in Sources */ = {isa = PBXBuildFile; fileRef = 76227D172A25436E00FB2456 /* SceneDelegate.swift */; };
		76227D1A2A25436E00FB2456 /* ViewController.swift in Sources */ = {isa = PBXBuildFile; fileRef = 76227D192A25436E00FB2456 /* ViewController.swift */; };
		76227D1D2A25436E00FB2456 /* Main.storyboard in Resources */ = {isa = PBXBuildFile; fileRef = 76227D1B2A25436E00FB2456 /* Main.storyboard */; };
		76227D1F2A25436F00FB2456 /* Assets.xcassets in Resources */ = {isa = PBXBuildFile; fileRef = 76227D1E2A25436F00FB2456 /* Assets.xcassets */; };
		76227D222A25436F00FB2456 /* LaunchScreen.storyboard in Resources */ = {isa = PBXBuildFile; fileRef = 76227D202A25436F00FB2456 /* LaunchScreen.storyboard */; };
		76227D302A25438200FB2456 /* XCTAssertNoThrowTutorialTests.swift in Sources */ = {isa = PBXBuildFile; fileRef = 76227D2F2A25438200FB2456 /* XCTAssertNoThrowTutorialTests.swift */; };
		76227D382A25448D00FB2456 /* SignupError.swift in Sources */ = {isa = PBXBuildFile; fileRef = 76227D372A25448D00FB2456 /* SignupError.swift */; };
		76227D3A2A25450100FB2456 /* SignupFormModelValidator.swift in Sources */ = {isa = PBXBuildFile; fileRef = 76227D392A25450100FB2456 /* SignupFormModelValidator.swift */; };
		76227D3C2A25476500FB2456 /* SignupFormValidatorTests.swift in Sources */ = {isa = PBXBuildFile; fileRef = 76227D3B2A25476500FB2456 /* SignupFormValidatorTests.swift */; };
/* End PBXBuildFile section */

/* Begin PBXContainerItemProxy section */
		76227D312A25438200FB2456 /* PBXContainerItemProxy */ = {
			isa = PBXContainerItemProxy;
			containerPortal = 76227D0A2A25436E00FB2456 /* Project object */;
			proxyType = 1;
			remoteGlobalIDString = 76227D112A25436E00FB2456;
			remoteInfo = XCTAssertNoThrowTutorial;
		};
/* End PBXContainerItemProxy section */

/* Begin PBXFileReference section */
		76227D122A25436E00FB2456 /* XCTAssertNoThrowTutorial.app */ = {isa = PBXFileReference; explicitFileType = wrapper.application; includeInIndex = 0; path = XCTAssertNoThrowTutorial.app; sourceTree = BUILT_PRODUCTS_DIR; };
		76227D152A25436E00FB2456 /* AppDelegate.swift */ = {isa = PBXFileReference; lastKnownFileType = sourcecode.swift; path = AppDelegate.swift; sourceTree = "<group>"; };
		76227D172A25436E00FB2456 /* SceneDelegate.swift */ = {isa = PBXFileReference; lastKnownFileType = sourcecode.swift; path = SceneDelegate.swift; sourceTree = "<group>"; };
		76227D192A25436E00FB2456 /* ViewController.swift */ = {isa = PBXFileReference; lastKnownFileType = sourcecode.swift; path = ViewController.swift; sourceTree = "<group>"; };
		76227D1C2A25436E00FB2456 /* Base */ = {isa = PBXFileReference; lastKnownFileType = file.storyboard; name = Base; path = Base.lproj/Main.storyboard; sourceTree = "<group>"; };
		76227D1E2A25436F00FB2456 /* Assets.xcassets */ = {isa = PBXFileReference; lastKnownFileType = folder.assetcatalog; path = Assets.xcassets; sourceTree = "<group>"; };
		76227D212A25436F00FB2456 /* Base */ = {isa = PBXFileReference; lastKnownFileType = file.storyboard; name = Base; path = Base.lproj/LaunchScreen.storyboard; sourceTree = "<group>"; };
		76227D232A25436F00FB2456 /* Info.plist */ = {isa = PBXFileReference; lastKnownFileType = text.plist.xml; path = Info.plist; sourceTree = "<group>"; };
		76227D2D2A25438200FB2456 /* XCTAssertNoThrowTutorialTests.xctest */ = {isa = PBXFileReference; explicitFileType = wrapper.cfbundle; includeInIndex = 0; path = XCTAssertNoThrowTutorialTests.xctest; sourceTree = BUILT_PRODUCTS_DIR; };
		76227D2F2A25438200FB2456 /* XCTAssertNoThrowTutorialTests.swift */ = {isa = PBXFileReference; lastKnownFileType = sourcecode.swift; path = XCTAssertNoThrowTutorialTests.swift; sourceTree = "<group>"; };
		76227D372A25448D00FB2456 /* SignupError.swift */ = {isa = PBXFileReference; lastKnownFileType = sourcecode.swift; path = SignupError.swift; sourceTree = "<group>"; };
		76227D392A25450100FB2456 /* SignupFormModelValidator.swift */ = {isa = PBXFileReference; lastKnownFileType = sourcecode.swift; path = SignupFormModelValidator.swift; sourceTree = "<group>"; };
		76227D3B2A25476500FB2456 /* SignupFormValidatorTests.swift */ = {isa = PBXFileReference; lastKnownFileType = sourcecode.swift; path = SignupFormValidatorTests.swift; sourceTree = "<group>"; };
/* End PBXFileReference section */

/* Begin PBXFrameworksBuildPhase section */
		76227D0F2A25436E00FB2456 /* Frameworks */ = {
			isa = PBXFrameworksBuildPhase;
			buildActionMask = 2147483647;
			files = (
			);
			runOnlyForDeploymentPostprocessing = 0;
		};
		76227D2A2A25438200FB2456 /* Frameworks */ = {
			isa = PBXFrameworksBuildPhase;
			buildActionMask = 2147483647;
			files = (
			);
			runOnlyForDeploymentPostprocessing = 0;
		};
/* End PBXFrameworksBuildPhase section */

/* Begin PBXGroup section */
		76227D092A25436E00FB2456 = {
			isa = PBXGroup;
			children = (
				76227D142A25436E00FB2456 /* XCTAssertNoThrowTutorial */,
				76227D2E2A25438200FB2456 /* XCTAssertNoThrowTutorialTests */,
				76227D132A25436E00FB2456 /* Products */,
			);
			sourceTree = "<group>";
		};
		76227D132A25436E00FB2456 /* Products */ = {
			isa = PBXGroup;
			children = (
				76227D122A25436E00FB2456 /* XCTAssertNoThrowTutorial.app */,
				76227D2D2A25438200FB2456 /* XCTAssertNoThrowTutorialTests.xctest */,
			);
			name = Products;
			sourceTree = "<group>";
		};
		76227D142A25436E00FB2456 /* XCTAssertNoThrowTutorial */ = {
			isa = PBXGroup;
			children = (
				76227D362A25446F00FB2456 /* Models */,
				76227D152A25436E00FB2456 /* AppDelegate.swift */,
				76227D172A25436E00FB2456 /* SceneDelegate.swift */,
				76227D192A25436E00FB2456 /* ViewController.swift */,
				76227D1B2A25436E00FB2456 /* Main.storyboard */,
				76227D1E2A25436F00FB2456 /* Assets.xcassets */,
				76227D202A25436F00FB2456 /* LaunchScreen.storyboard */,
				76227D232A25436F00FB2456 /* Info.plist */,
			);
			path = XCTAssertNoThrowTutorial;
			sourceTree = "<group>";
		};
		76227D2E2A25438200FB2456 /* XCTAssertNoThrowTutorialTests */ = {
			isa = PBXGroup;
			children = (
				76227D2F2A25438200FB2456 /* XCTAssertNoThrowTutorialTests.swift */,
				76227D3B2A25476500FB2456 /* SignupFormValidatorTests.swift */,
			);
			path = XCTAssertNoThrowTutorialTests;
			sourceTree = "<group>";
		};
		76227D362A25446F00FB2456 /* Models */ = {
			isa = PBXGroup;
			children = (
				76227D372A25448D00FB2456 /* SignupError.swift */,
				76227D392A25450100FB2456 /* SignupFormModelValidator.swift */,
			);
			path = Models;
			sourceTree = "<group>";
		};
/* End PBXGroup section */

/* Begin PBXNativeTarget section */
		76227D112A25436E00FB2456 /* XCTAssertNoThrowTutorial */ = {
			isa = PBXNativeTarget;
			buildConfigurationList = 76227D262A25436F00FB2456 /* Build configuration list for PBXNativeTarget "XCTAssertNoThrowTutorial" */;
			buildPhases = (
				76227D0E2A25436E00FB2456 /* Sources */,
				76227D0F2A25436E00FB2456 /* Frameworks */,
				76227D102A25436E00FB2456 /* Resources */,
			);
			buildRules = (
			);
			dependencies = (
			);
			name = XCTAssertNoThrowTutorial;
			productName = XCTAssertNoThrowTutorial;
			productReference = 76227D122A25436E00FB2456 /* XCTAssertNoThrowTutorial.app */;
			productType = "com.apple.product-type.application";
		};
		76227D2C2A25438200FB2456 /* XCTAssertNoThrowTutorialTests */ = {
			isa = PBXNativeTarget;
			buildConfigurationList = 76227D332A25438200FB2456 /* Build configuration list for PBXNativeTarget "XCTAssertNoThrowTutorialTests" */;
			buildPhases = (
				76227D292A25438200FB2456 /* Sources */,
				76227D2A2A25438200FB2456 /* Frameworks */,
				76227D2B2A25438200FB2456 /* Resources */,
			);
			buildRules = (
			);
			dependencies = (
				76227D322A25438200FB2456 /* PBXTargetDependency */,
			);
			name = XCTAssertNoThrowTutorialTests;
			productName = XCTAssertNoThrowTutorialTests;
			productReference = 76227D2D2A25438200FB2456 /* XCTAssertNoThrowTutorialTests.xctest */;
			productType = "com.apple.product-type.bundle.unit-test";
		};
/* End PBXNativeTarget section */

/* Begin PBXProject section */
		76227D0A2A25436E00FB2456 /* Project object */ = {
			isa = PBXProject;
			attributes = {
				BuildIndependentTargetsInParallel = 1;
				LastSwiftUpdateCheck = 1430;
				LastUpgradeCheck = 1430;
				TargetAttributes = {
					76227D112A25436E00FB2456 = {
						CreatedOnToolsVersion = 14.3;
					};
					76227D2C2A25438200FB2456 = {
						CreatedOnToolsVersion = 14.3;
						TestTargetID = 76227D112A25436E00FB2456;
					};
				};
			};
			buildConfigurationList = 76227D0D2A25436E00FB2456 /* Build configuration list for PBXProject "XCTAssertNoThrowTutorial" */;
			compatibilityVersion = "Xcode 14.0";
			developmentRegion = en;
			hasScannedForEncodings = 0;
			knownRegions = (
				en,
				Base,
			);
			mainGroup = 76227D092A25436E00FB2456;
			productRefGroup = 76227D132A25436E00FB2456 /* Products */;
			projectDirPath = "";
			projectRoot = "";
			targets = (
				76227D112A25436E00FB2456 /* XCTAssertNoThrowTutorial */,
				76227D2C2A25438200FB2456 /* XCTAssertNoThrowTutorialTests */,
			);
		};
/* End PBXProject section */

/* Begin PBXResourcesBuildPhase section */
		76227D102A25436E00FB2456 /* Resources */ = {
			isa = PBXResourcesBuildPhase;
			buildActionMask = 2147483647;
			files = (
				76227D222A25436F00FB2456 /* LaunchScreen.storyboard in Resources */,
				76227D1F2A25436F00FB2456 /* Assets.xcassets in Resources */,
				76227D1D2A25436E00FB2456 /* Main.storyboard in Resources */,
			);
			runOnlyForDeploymentPostprocessing = 0;
		};
		76227D2B2A25438200FB2456 /* Resources */ = {
			isa = PBXResourcesBuildPhase;
			buildActionMask = 2147483647;
			files = (
			);
			runOnlyForDeploymentPostprocessing = 0;
		};
/* End PBXResourcesBuildPhase section */

/* Begin PBXSourcesBuildPhase section */
		76227D0E2A25436E00FB2456 /* Sources */ = {
			isa = PBXSourcesBuildPhase;
			buildActionMask = 2147483647;
			files = (
				76227D382A25448D00FB2456 /* SignupError.swift in Sources */,
				76227D3A2A25450100FB2456 /* SignupFormModelValidator.swift in Sources */,
				76227D1A2A25436E00FB2456 /* ViewController.swift in Sources */,
				76227D162A25436E00FB2456 /* AppDelegate.swift in Sources */,
				76227D182A25436E00FB2456 /* SceneDelegate.swift in Sources */,
			);
			runOnlyForDeploymentPostprocessing = 0;
		};
		76227D292A25438200FB2456 /* Sources */ = {
			isa = PBXSourcesBuildPhase;
			buildActionMask = 2147483647;
			files = (
				76227D3C2A25476500FB2456 /* SignupFormValidatorTests.swift in Sources */,
				76227D302A25438200FB2456 /* XCTAssertNoThrowTutorialTests.swift in Sources */,
			);
			runOnlyForDeploymentPostprocessing = 0;
		};
/* End PBXSourcesBuildPhase section */

/* Begin PBXTargetDependency section */
		76227D322A25438200FB2456 /* PBXTargetDependency */ = {
			isa = PBXTargetDependency;
			target = 76227D112A25436E00FB2456 /* XCTAssertNoThrowTutorial */;
			targetProxy = 76227D312A25438200FB2456 /* PBXContainerItemProxy */;
		};
/* End PBXTargetDependency section */

/* Begin PBXVariantGroup section */
		76227D1B2A25436E00FB2456 /* Main.storyboard */ = {
			isa = PBXVariantGroup;
			children = (
				76227D1C2A25436E00FB2456 /* Base */,
			);
			name = Main.storyboard;
			sourceTree = "<group>";
		};
		76227D202A25436F00FB2456 /* LaunchScreen.storyboard */ = {
			isa = PBXVariantGroup;
			children = (
				76227D212A25436F00FB2456 /* Base */,
			);
			name = LaunchScreen.storyboard;
			sourceTree = "<group>";
		};
/* End PBXVariantGroup section */

/* Begin XCBuildConfiguration section */
		76227D242A25436F00FB2456 /* Debug */ = {
			isa = XCBuildConfiguration;
			buildSettings = {
				ALWAYS_SEARCH_USER_PATHS = NO;
				CLANG_ANALYZER_NONNULL = YES;
				CLANG_ANALYZER_NUMBER_OBJECT_CONVERSION = YES_AGGRESSIVE;
				CLANG_CXX_LANGUAGE_STANDARD = "gnu++20";
				CLANG_ENABLE_MODULES = YES;
				CLANG_ENABLE_OBJC_ARC = YES;
				CLANG_ENABLE_OBJC_WEAK = YES;
				CLANG_WARN_BLOCK_CAPTURE_AUTORELEASING = YES;
				CLANG_WARN_BOOL_CONVERSION = YES;
				CLANG_WARN_COMMA = YES;
				CLANG_WARN_CONSTANT_CONVERSION = YES;
				CLANG_WARN_DEPRECATED_OBJC_IMPLEMENTATIONS = YES;
				CLANG_WARN_DIRECT_OBJC_ISA_USAGE = YES_ERROR;
				CLANG_WARN_DOCUMENTATION_COMMENTS = YES;
				CLANG_WARN_EMPTY_BODY = YES;
				CLANG_WARN_ENUM_CONVERSION = YES;
				CLANG_WARN_INFINITE_RECURSION = YES;
				CLANG_WARN_INT_CONVERSION = YES;
				CLANG_WARN_NON_LITERAL_NULL_CONVERSION = YES;
				CLANG_WARN_OBJC_IMPLICIT_RETAIN_SELF = YES;
				CLANG_WARN_OBJC_LITERAL_CONVERSION = YES;
				CLANG_WARN_OBJC_ROOT_CLASS = YES_ERROR;
				CLANG_WARN_QUOTED_INCLUDE_IN_FRAMEWORK_HEADER = YES;
				CLANG_WARN_RANGE_LOOP_ANALYSIS = YES;
				CLANG_WARN_STRICT_PROTOTYPES = YES;
				CLANG_WARN_SUSPICIOUS_MOVE = YES;
				CLANG_WARN_UNGUARDED_AVAILABILITY = YES_AGGRESSIVE;
				CLANG_WARN_UNREACHABLE_CODE = YES;
				CLANG_WARN__DUPLICATE_METHOD_MATCH = YES;
				COPY_PHASE_STRIP = NO;
				DEBUG_INFORMATION_FORMAT = dwarf;
				ENABLE_STRICT_OBJC_MSGSEND = YES;
				ENABLE_TESTABILITY = YES;
				GCC_C_LANGUAGE_STANDARD = gnu11;
				GCC_DYNAMIC_NO_PIC = NO;
				GCC_NO_COMMON_BLOCKS = YES;
				GCC_OPTIMIZATION_LEVEL = 0;
				GCC_PREPROCESSOR_DEFINITIONS = (
					"DEBUG=1",
					"$(inherited)",
				);
				GCC_WARN_64_TO_32_BIT_CONVERSION = YES;
				GCC_WARN_ABOUT_RETURN_TYPE = YES_ERROR;
				GCC_WARN_UNDECLARED_SELECTOR = YES;
				GCC_WARN_UNINITIALIZED_AUTOS = YES_AGGRESSIVE;
				GCC_WARN_UNUSED_FUNCTION = YES;
				GCC_WARN_UNUSED_VARIABLE = YES;
				IPHONEOS_DEPLOYMENT_TARGET = 16.4;
				MTL_ENABLE_DEBUG_INFO = INCLUDE_SOURCE;
				MTL_FAST_MATH = YES;
				ONLY_ACTIVE_ARCH = YES;
				SDKROOT = iphoneos;
				SWIFT_ACTIVE_COMPILATION_CONDITIONS = DEBUG;
				SWIFT_OPTIMIZATION_LEVEL = "-Onone";
			};
			name = Debug;
		};
		76227D252A25436F00FB2456 /* Release */ = {
			isa = XCBuildConfiguration;
			buildSettings = {
				ALWAYS_SEARCH_USER_PATHS = NO;
				CLANG_ANALYZER_NONNULL = YES;
				CLANG_ANALYZER_NUMBER_OBJECT_CONVERSION = YES_AGGRESSIVE;
				CLANG_CXX_LANGUAGE_STANDARD = "gnu++20";
				CLANG_ENABLE_MODULES = YES;
				CLANG_ENABLE_OBJC_ARC = YES;
				CLANG_ENABLE_OBJC_WEAK = YES;
				CLANG_WARN_BLOCK_CAPTURE_AUTORELEASING = YES;
				CLANG_WARN_BOOL_CONVERSION = YES;
				CLANG_WARN_COMMA = YES;
				CLANG_WARN_CONSTANT_CONVERSION = YES;
				CLANG_WARN_DEPRECATED_OBJC_IMPLEMENTATIONS = YES;
				CLANG_WARN_DIRECT_OBJC_ISA_USAGE = YES_ERROR;
				CLANG_WARN_DOCUMENTATION_COMMENTS = YES;
				CLANG_WARN_EMPTY_BODY = YES;
				CLANG_WARN_ENUM_CONVERSION = YES;
				CLANG_WARN_INFINITE_RECURSION = YES;
				CLANG_WARN_INT_CONVERSION = YES;
				CLANG_WARN_NON_LITERAL_NULL_CONVERSION = YES;
				CLANG_WARN_OBJC_IMPLICIT_RETAIN_SELF = YES;
				CLANG_WARN_OBJC_LITERAL_CONVERSION = YES;
				CLANG_WARN_OBJC_ROOT_CLASS = YES_ERROR;
				CLANG_WARN_QUOTED_INCLUDE_IN_FRAMEWORK_HEADER = YES;
				CLANG_WARN_RANGE_LOOP_ANALYSIS = YES;
				CLANG_WARN_STRICT_PROTOTYPES = YES;
				CLANG_WARN_SUSPICIOUS_MOVE = YES;
				CLANG_WARN_UNGUARDED_AVAILABILITY = YES_AGGRESSIVE;
				CLANG_WARN_UNREACHABLE_CODE = YES;
				CLANG_WARN__DUPLICATE_METHOD_MATCH = YES;
				COPY_PHASE_STRIP = NO;
				DEBUG_INFORMATION_FORMAT = "dwarf-with-dsym";
				ENABLE_NS_ASSERTIONS = NO;
				ENABLE_STRICT_OBJC_MSGSEND = YES;
				GCC_C_LANGUAGE_STANDARD = gnu11;
				GCC_NO_COMMON_BLOCKS = YES;
				GCC_WARN_64_TO_32_BIT_CONVERSION = YES;
				GCC_WARN_ABOUT_RETURN_TYPE = YES_ERROR;
				GCC_WARN_UNDECLARED_SELECTOR = YES;
				GCC_WARN_UNINITIALIZED_AUTOS = YES_AGGRESSIVE;
				GCC_WARN_UNUSED_FUNCTION = YES;
				GCC_WARN_UNUSED_VARIABLE = YES;
				IPHONEOS_DEPLOYMENT_TARGET = 16.4;
				MTL_ENABLE_DEBUG_INFO = NO;
				MTL_FAST_MATH = YES;
				SDKROOT = iphoneos;
				SWIFT_COMPILATION_MODE = wholemodule;
				SWIFT_OPTIMIZATION_LEVEL = "-O";
				VALIDATE_PRODUCT = YES;
			};
			name = Release;
		};
		76227D272A25436F00FB2456 /* Debug */ = {
			isa = XCBuildConfiguration;
			buildSettings = {
				ASSETCATALOG_COMPILER_APPICON_NAME = AppIcon;
				ASSETCATALOG_COMPILER_GLOBAL_ACCENT_COLOR_NAME = AccentColor;
				CODE_SIGN_STYLE = Automatic;
				CURRENT_PROJECT_VERSION = 1;
				DEVELOPMENT_TEAM = YBSCA9MEQ4;
				GENERATE_INFOPLIST_FILE = YES;
				INFOPLIST_FILE = XCTAssertNoThrowTutorial/Info.plist;
				INFOPLIST_KEY_UIApplicationSupportsIndirectInputEvents = YES;
				INFOPLIST_KEY_UILaunchStoryboardName = LaunchScreen;
				INFOPLIST_KEY_UIMainStoryboardFile = Main;
				INFOPLIST_KEY_UISupportedInterfaceOrientations_iPad = "UIInterfaceOrientationPortrait UIInterfaceOrientationPortraitUpsideDown UIInterfaceOrientationLandscapeLeft UIInterfaceOrientationLandscapeRight";
				INFOPLIST_KEY_UISupportedInterfaceOrientations_iPhone = "UIInterfaceOrientationPortrait UIInterfaceOrientationLandscapeLeft UIInterfaceOrientationLandscapeRight";
				LD_RUNPATH_SEARCH_PATHS = (
					"$(inherited)",
					"@executable_path/Frameworks",
				);
				MARKETING_VERSION = 1.0;
				PRODUCT_BUNDLE_IDENTIFIER = com.rquesada.XCTAssertNoThrowTutorial;
				PRODUCT_NAME = "$(TARGET_NAME)";
				SWIFT_EMIT_LOC_STRINGS = YES;
				SWIFT_VERSION = 5.0;
				TARGETED_DEVICE_FAMILY = "1,2";
			};
			name = Debug;
		};
		76227D282A25436F00FB2456 /* Release */ = {
			isa = XCBuildConfiguration;
			buildSettings = {
				ASSETCATALOG_COMPILER_APPICON_NAME = AppIcon;
				ASSETCATALOG_COMPILER_GLOBAL_ACCENT_COLOR_NAME = AccentColor;
				CODE_SIGN_STYLE = Automatic;
				CURRENT_PROJECT_VERSION = 1;
				DEVELOPMENT_TEAM = YBSCA9MEQ4;
				GENERATE_INFOPLIST_FILE = YES;
				INFOPLIST_FILE = XCTAssertNoThrowTutorial/Info.plist;
				INFOPLIST_KEY_UIApplicationSupportsIndirectInputEvents = YES;
				INFOPLIST_KEY_UILaunchStoryboardName = LaunchScreen;
				INFOPLIST_KEY_UIMainStoryboardFile = Main;
				INFOPLIST_KEY_UISupportedInterfaceOrientations_iPad = "UIInterfaceOrientationPortrait UIInterfaceOrientationPortraitUpsideDown UIInterfaceOrientationLandscapeLeft UIInterfaceOrientationLandscapeRight";
				INFOPLIST_KEY_UISupportedInterfaceOrientations_iPhone = "UIInterfaceOrientationPortrait UIInterfaceOrientationLandscapeLeft UIInterfaceOrientationLandscapeRight";
				LD_RUNPATH_SEARCH_PATHS = (
					"$(inherited)",
					"@executable_path/Frameworks",
				);
				MARKETING_VERSION = 1.0;
				PRODUCT_BUNDLE_IDENTIFIER = com.rquesada.XCTAssertNoThrowTutorial;
				PRODUCT_NAME = "$(TARGET_NAME)";
				SWIFT_EMIT_LOC_STRINGS = YES;
				SWIFT_VERSION = 5.0;
				TARGETED_DEVICE_FAMILY = "1,2";
			};
			name = Release;
		};
		76227D342A25438200FB2456 /* Debug */ = {
			isa = XCBuildConfiguration;
			buildSettings = {
				BUNDLE_LOADER = "$(TEST_HOST)";
				CODE_SIGN_STYLE = Automatic;
				CURRENT_PROJECT_VERSION = 1;
				DEVELOPMENT_TEAM = YBSCA9MEQ4;
				GENERATE_INFOPLIST_FILE = YES;
				MARKETING_VERSION = 1.0;
				PRODUCT_BUNDLE_IDENTIFIER = com.rquesada.XCTAssertNoThrowTutorialTests;
				PRODUCT_NAME = "$(TARGET_NAME)";
				SWIFT_EMIT_LOC_STRINGS = NO;
				SWIFT_VERSION = 5.0;
				TARGETED_DEVICE_FAMILY = "1,2";
				TEST_HOST = "$(BUILT_PRODUCTS_DIR)/XCTAssertNoThrowTutorial.app/$(BUNDLE_EXECUTABLE_FOLDER_PATH)/XCTAssertNoThrowTutorial";
			};
			name = Debug;
		};
		76227D352A25438200FB2456 /* Release */ = {
			isa = XCBuildConfiguration;
			buildSettings = {
				BUNDLE_LOADER = "$(TEST_HOST)";
				CODE_SIGN_STYLE = Automatic;
				CURRENT_PROJECT_VERSION = 1;
				DEVELOPMENT_TEAM = YBSCA9MEQ4;
				GENERATE_INFOPLIST_FILE = YES;
				MARKETING_VERSION = 1.0;
				PRODUCT_BUNDLE_IDENTIFIER = com.rquesada.XCTAssertNoThrowTutorialTests;
				PRODUCT_NAME = "$(TARGET_NAME)";
				SWIFT_EMIT_LOC_STRINGS = NO;
				SWIFT_VERSION = 5.0;
				TARGETED_DEVICE_FAMILY = "1,2";
				TEST_HOST = "$(BUILT_PRODUCTS_DIR)/XCTAssertNoThrowTutorial.app/$(BUNDLE_EXECUTABLE_FOLDER_PATH)/XCTAssertNoThrowTutorial";
			};
			name = Release;
		};
/* End XCBuildConfiguration section */

/* Begin XCConfigurationList section */
		76227D0D2A25436E00FB2456 /* Build configuration list for PBXProject "XCTAssertNoThrowTutorial" */ = {
			isa = XCConfigurationList;
			buildConfigurations = (
				76227D242A25436F00FB2456 /* Debug */,
				76227D252A25436F00FB2456 /* Release */,
			);
			defaultConfigurationIsVisible = 0;
			defaultConfigurationName = Release;
		};
		76227D262A25436F00FB2456 /* Build configuration list for PBXNativeTarget "XCTAssertNoThrowTutorial" */ = {
			isa = XCConfigurationList;
			buildConfigurations = (
				76227D272A25436F00FB2456 /* Debug */,
				76227D282A25436F00FB2456 /* Release */,
			);
			defaultConfigurationIsVisible = 0;
			defaultConfigurationName = Release;
		};
		76227D332A25438200FB2456 /* Build configuration list for PBXNativeTarget "XCTAssertNoThrowTutorialTests" */ = {
			isa = XCConfigurationList;
			buildConfigurations = (
				76227D342A25438200FB2456 /* Debug */,
				76227D352A25438200FB2456 /* Release */,
			);
			defaultConfigurationIsVisible = 0;
			defaultConfigurationName = Release;
		};
/* End XCConfigurationList section */
	};
	rootObject = 76227D0A2A25436E00FB2456 /* Project object */;
}
