// !$*UTF8*$!
{
	archiveVersion = 1;
	classes = {
	};
	objectVersion = 56;
	objects = {

/* Begin PBXBuildFile section */
		76227CDF2A25403B00FB2456 /* AppDelegate.swift in Sources */ = {isa = PBXBuildFile; fileRef = 76227CDE2A25403B00FB2456 /* AppDelegate.swift */; };
		76227CE12A25403B00FB2456 /* SceneDelegate.swift in Sources */ = {isa = PBXBuildFile; fileRef = 76227CE02A25403B00FB2456 /* SceneDelegate.swift */; };
		76227CE32A25403B00FB2456 /* ViewController.swift in Sources */ = {isa = PBXBuildFile; fileRef = 76227CE22A25403B00FB2456 /* ViewController.swift */; };
		76227CE62A25403B00FB2456 /* Main.storyboard in Resources */ = {isa = PBXBuildFile; fileRef = 76227CE42A25403B00FB2456 /* Main.storyboard */; };
		76227CE82A25403B00FB2456 /* Assets.xcassets in Resources */ = {isa = PBXBuildFile; fileRef = 76227CE72A25403B00FB2456 /* Assets.xcassets */; };
		76227CEB2A25403B00FB2456 /* LaunchScreen.storyboard in Resources */ = {isa = PBXBuildFile; fileRef = 76227CE92A25403B00FB2456 /* LaunchScreen.storyboard */; };
		76227CF92A25404E00FB2456 /* LoadingUIViewControllersInUnitTestTests.swift in Sources */ = {isa = PBXBuildFile; fileRef = 76227CF82A25404E00FB2456 /* LoadingUIViewControllersInUnitTestTests.swift */; };
		76227D012A2540EF00FB2456 /* XIBBasedViewController.swift in Sources */ = {isa = PBXBuildFile; fileRef = 76227CFF2A2540EF00FB2456 /* XIBBasedViewController.swift */; };
		76227D022A2540EF00FB2456 /* XIBBasedViewController.xib in Resources */ = {isa = PBXBuildFile; fileRef = 76227D002A2540EF00FB2456 /* XIBBasedViewController.xib */; };
		76227D042A25413100FB2456 /* LoadingViewControllerWithXIB.swift in Sources */ = {isa = PBXBuildFile; fileRef = 76227D032A25413100FB2456 /* LoadingViewControllerWithXIB.swift */; };
		76227D062A2541BE00FB2456 /* HomePageViewController.swift in Sources */ = {isa = PBXBuildFile; fileRef = 76227D052A2541BE00FB2456 /* HomePageViewController.swift */; };
		76227D082A25421500FB2456 /* HomePageViewControllerTests.swift in Sources */ = {isa = PBXBuildFile; fileRef = 76227D072A25421500FB2456 /* HomePageViewControllerTests.swift */; };
/* End PBXBuildFile section */

/* Begin PBXContainerItemProxy section */
		76227CFA2A25404E00FB2456 /* PBXContainerItemProxy */ = {
			isa = PBXContainerItemProxy;
			containerPortal = 76227CD32A25403B00FB2456 /* Project object */;
			proxyType = 1;
			remoteGlobalIDString = 76227CDA2A25403B00FB2456;
			remoteInfo = LoadingUIViewControllersInUnitTest;
		};
/* End PBXContainerItemProxy section */

/* Begin PBXFileReference section */
		76227CDB2A25403B00FB2456 /* LoadingUIViewControllersInUnitTest.app */ = {isa = PBXFileReference; explicitFileType = wrapper.application; includeInIndex = 0; path = LoadingUIViewControllersInUnitTest.app; sourceTree = BUILT_PRODUCTS_DIR; };
		76227CDE2A25403B00FB2456 /* AppDelegate.swift */ = {isa = PBXFileReference; lastKnownFileType = sourcecode.swift; path = AppDelegate.swift; sourceTree = "<group>"; };
		76227CE02A25403B00FB2456 /* SceneDelegate.swift */ = {isa = PBXFileReference; lastKnownFileType = sourcecode.swift; path = SceneDelegate.swift; sourceTree = "<group>"; };
		76227CE22A25403B00FB2456 /* ViewController.swift */ = {isa = PBXFileReference; lastKnownFileType = sourcecode.swift; path = ViewController.swift; sourceTree = "<group>"; };
		76227CE52A25403B00FB2456 /* Base */ = {isa = PBXFileReference; lastKnownFileType = file.storyboard; name = Base; path = Base.lproj/Main.storyboard; sourceTree = "<group>"; };
		76227CE72A25403B00FB2456 /* Assets.xcassets */ = {isa = PBXFileReference; lastKnownFileType = folder.assetcatalog; path = Assets.xcassets; sourceTree = "<group>"; };
		76227CEA2A25403B00FB2456 /* Base */ = {isa = PBXFileReference; lastKnownFileType = file.storyboard; name = Base; path = Base.lproj/LaunchScreen.storyboard; sourceTree = "<group>"; };
		76227CEC2A25403B00FB2456 /* Info.plist */ = {isa = PBXFileReference; lastKnownFileType = text.plist.xml; path = Info.plist; sourceTree = "<group>"; };
		76227CF62A25404E00FB2456 /* LoadingUIViewControllersInUnitTestTests.xctest */ = {isa = PBXFileReference; explicitFileType = wrapper.cfbundle; includeInIndex = 0; path = LoadingUIViewControllersInUnitTestTests.xctest; sourceTree = BUILT_PRODUCTS_DIR; };
		76227CF82A25404E00FB2456 /* LoadingUIViewControllersInUnitTestTests.swift */ = {isa = PBXFileReference; lastKnownFileType = sourcecode.swift; path = LoadingUIViewControllersInUnitTestTests.swift; sourceTree = "<group>"; };
		76227CFF2A2540EF00FB2456 /* XIBBasedViewController.swift */ = {isa = PBXFileReference; lastKnownFileType = sourcecode.swift; path = XIBBasedViewController.swift; sourceTree = "<group>"; };
		76227D002A2540EF00FB2456 /* XIBBasedViewController.xib */ = {isa = PBXFileReference; lastKnownFileType = file.xib; path = XIBBasedViewController.xib; sourceTree = "<group>"; };
		76227D032A25413100FB2456 /* LoadingViewControllerWithXIB.swift */ = {isa = PBXFileReference; lastKnownFileType = sourcecode.swift; path = LoadingViewControllerWithXIB.swift; sourceTree = "<group>"; };
		76227D052A2541BE00FB2456 /* HomePageViewController.swift */ = {isa = PBXFileReference; lastKnownFileType = sourcecode.swift; path = HomePageViewController.swift; sourceTree = "<group>"; };
		76227D072A25421500FB2456 /* HomePageViewControllerTests.swift */ = {isa = PBXFileReference; lastKnownFileType = sourcecode.swift; path = HomePageViewControllerTests.swift; sourceTree = "<group>"; };
/* End PBXFileReference section */

/* Begin PBXFrameworksBuildPhase section */
		76227CD82A25403B00FB2456 /* Frameworks */ = {
			isa = PBXFrameworksBuildPhase;
			buildActionMask = 2147483647;
			files = (
			);
			runOnlyForDeploymentPostprocessing = 0;
		};
		76227CF32A25404E00FB2456 /* Frameworks */ = {
			isa = PBXFrameworksBuildPhase;
			buildActionMask = 2147483647;
			files = (
			);
			runOnlyForDeploymentPostprocessing = 0;
		};
/* End PBXFrameworksBuildPhase section */

/* Begin PBXGroup section */
		76227CD22A25403B00FB2456 = {
			isa = PBXGroup;
			children = (
				76227CDD2A25403B00FB2456 /* LoadingUIViewControllersInUnitTest */,
				76227CF72A25404E00FB2456 /* LoadingUIViewControllersInUnitTestTests */,
				76227CDC2A25403B00FB2456 /* Products */,
			);
			sourceTree = "<group>";
		};
		76227CDC2A25403B00FB2456 /* Products */ = {
			isa = PBXGroup;
			children = (
				76227CDB2A25403B00FB2456 /* LoadingUIViewControllersInUnitTest.app */,
				76227CF62A25404E00FB2456 /* LoadingUIViewControllersInUnitTestTests.xctest */,
			);
			name = Products;
			sourceTree = "<group>";
		};
		76227CDD2A25403B00FB2456 /* LoadingUIViewControllersInUnitTest */ = {
			isa = PBXGroup;
			children = (
				76227CDE2A25403B00FB2456 /* AppDelegate.swift */,
				76227CE02A25403B00FB2456 /* SceneDelegate.swift */,
				76227CE22A25403B00FB2456 /* ViewController.swift */,
				76227CE42A25403B00FB2456 /* Main.storyboard */,
				76227CE72A25403B00FB2456 /* Assets.xcassets */,
				76227CE92A25403B00FB2456 /* LaunchScreen.storyboard */,
				76227CEC2A25403B00FB2456 /* Info.plist */,
				76227CFF2A2540EF00FB2456 /* XIBBasedViewController.swift */,
				76227D002A2540EF00FB2456 /* XIBBasedViewController.xib */,
				76227D052A2541BE00FB2456 /* HomePageViewController.swift */,
			);
			path = LoadingUIViewControllersInUnitTest;
			sourceTree = "<group>";
		};
		76227CF72A25404E00FB2456 /* LoadingUIViewControllersInUnitTestTests */ = {
			isa = PBXGroup;
			children = (
				76227CF82A25404E00FB2456 /* LoadingUIViewControllersInUnitTestTests.swift */,
				76227D032A25413100FB2456 /* LoadingViewControllerWithXIB.swift */,
				76227D072A25421500FB2456 /* HomePageViewControllerTests.swift */,
			);
			path = LoadingUIViewControllersInUnitTestTests;
			sourceTree = "<group>";
		};
/* End PBXGroup section */

/* Begin PBXNativeTarget section */
		76227CDA2A25403B00FB2456 /* LoadingUIViewControllersInUnitTest */ = {
			isa = PBXNativeTarget;
			buildConfigurationList = 76227CEF2A25403B00FB2456 /* Build configuration list for PBXNativeTarget "LoadingUIViewControllersInUnitTest" */;
			buildPhases = (
				76227CD72A25403B00FB2456 /* Sources */,
				76227CD82A25403B00FB2456 /* Frameworks */,
				76227CD92A25403B00FB2456 /* Resources */,
			);
			buildRules = (
			);
			dependencies = (
			);
			name = LoadingUIViewControllersInUnitTest;
			productName = LoadingUIViewControllersInUnitTest;
			productReference = 76227CDB2A25403B00FB2456 /* LoadingUIViewControllersInUnitTest.app */;
			productType = "com.apple.product-type.application";
		};
		76227CF52A25404E00FB2456 /* LoadingUIViewControllersInUnitTestTests */ = {
			isa = PBXNativeTarget;
			buildConfigurationList = 76227CFC2A25404E00FB2456 /* Build configuration list for PBXNativeTarget "LoadingUIViewControllersInUnitTestTests" */;
			buildPhases = (
				76227CF22A25404E00FB2456 /* Sources */,
				76227CF32A25404E00FB2456 /* Frameworks */,
				76227CF42A25404E00FB2456 /* Resources */,
			);
			buildRules = (
			);
			dependencies = (
				76227CFB2A25404E00FB2456 /* PBXTargetDependency */,
			);
			name = LoadingUIViewControllersInUnitTestTests;
			productName = LoadingUIViewControllersInUnitTestTests;
			productReference = 76227CF62A25404E00FB2456 /* LoadingUIViewControllersInUnitTestTests.xctest */;
			productType = "com.apple.product-type.bundle.unit-test";
		};
/* End PBXNativeTarget section */

/* Begin PBXProject section */
		76227CD32A25403B00FB2456 /* Project object */ = {
			isa = PBXProject;
			attributes = {
				BuildIndependentTargetsInParallel = 1;
				LastSwiftUpdateCheck = 1430;
				LastUpgradeCheck = 1430;
				TargetAttributes = {
					76227CDA2A25403B00FB2456 = {
						CreatedOnToolsVersion = 14.3;
					};
					76227CF52A25404E00FB2456 = {
						CreatedOnToolsVersion = 14.3;
						TestTargetID = 76227CDA2A25403B00FB2456;
					};
				};
			};
			buildConfigurationList = 76227CD62A25403B00FB2456 /* Build configuration list for PBXProject "LoadingUIViewControllersInUnitTest" */;
			compatibilityVersion = "Xcode 14.0";
			developmentRegion = en;
			hasScannedForEncodings = 0;
			knownRegions = (
				en,
				Base,
			);
			mainGroup = 76227CD22A25403B00FB2456;
			productRefGroup = 76227CDC2A25403B00FB2456 /* Products */;
			projectDirPath = "";
			projectRoot = "";
			targets = (
				76227CDA2A25403B00FB2456 /* LoadingUIViewControllersInUnitTest */,
				76227CF52A25404E00FB2456 /* LoadingUIViewControllersInUnitTestTests */,
			);
		};
/* End PBXProject section */

/* Begin PBXResourcesBuildPhase section */
		76227CD92A25403B00FB2456 /* Resources */ = {
			isa = PBXResourcesBuildPhase;
			buildActionMask = 2147483647;
			files = (
				76227D022A2540EF00FB2456 /* XIBBasedViewController.xib in Resources */,
				76227CEB2A25403B00FB2456 /* LaunchScreen.storyboard in Resources */,
				76227CE82A25403B00FB2456 /* Assets.xcassets in Resources */,
				76227CE62A25403B00FB2456 /* Main.storyboard in Resources */,
			);
			runOnlyForDeploymentPostprocessing = 0;
		};
		76227CF42A25404E00FB2456 /* Resources */ = {
			isa = PBXResourcesBuildPhase;
			buildActionMask = 2147483647;
			files = (
			);
			runOnlyForDeploymentPostprocessing = 0;
		};
/* End PBXResourcesBuildPhase section */

/* Begin PBXSourcesBuildPhase section */
		76227CD72A25403B00FB2456 /* Sources */ = {
			isa = PBXSourcesBuildPhase;
			buildActionMask = 2147483647;
			files = (
				76227D012A2540EF00FB2456 /* XIBBasedViewController.swift in Sources */,
				76227CE32A25403B00FB2456 /* ViewController.swift in Sources */,
				76227CDF2A25403B00FB2456 /* AppDelegate.swift in Sources */,
				76227D062A2541BE00FB2456 /* HomePageViewController.swift in Sources */,
				76227CE12A25403B00FB2456 /* SceneDelegate.swift in Sources */,
			);
			runOnlyForDeploymentPostprocessing = 0;
		};
		76227CF22A25404E00FB2456 /* Sources */ = {
			isa = PBXSourcesBuildPhase;
			buildActionMask = 2147483647;
			files = (
				76227D082A25421500FB2456 /* HomePageViewControllerTests.swift in Sources */,
				76227CF92A25404E00FB2456 /* LoadingUIViewControllersInUnitTestTests.swift in Sources */,
				76227D042A25413100FB2456 /* LoadingViewControllerWithXIB.swift in Sources */,
			);
			runOnlyForDeploymentPostprocessing = 0;
		};
/* End PBXSourcesBuildPhase section */

/* Begin PBXTargetDependency section */
		76227CFB2A25404E00FB2456 /* PBXTargetDependency */ = {
			isa = PBXTargetDependency;
			target = 76227CDA2A25403B00FB2456 /* LoadingUIViewControllersInUnitTest */;
			targetProxy = 76227CFA2A25404E00FB2456 /* PBXContainerItemProxy */;
		};
/* End PBXTargetDependency section */

/* Begin PBXVariantGroup section */
		76227CE42A25403B00FB2456 /* Main.storyboard */ = {
			isa = PBXVariantGroup;
			children = (
				76227CE52A25403B00FB2456 /* Base */,
			);
			name = Main.storyboard;
			sourceTree = "<group>";
		};
		76227CE92A25403B00FB2456 /* LaunchScreen.storyboard */ = {
			isa = PBXVariantGroup;
			children = (
				76227CEA2A25403B00FB2456 /* Base */,
			);
			name = LaunchScreen.storyboard;
			sourceTree = "<group>";
		};
/* End PBXVariantGroup section */

/* Begin XCBuildConfiguration section */
		76227CED2A25403B00FB2456 /* Debug */ = {
			isa = XCBuildConfiguration;
			buildSettings = {
				ALWAYS_SEARCH_USER_PATHS = NO;
				CLANG_ANALYZER_NONNULL = YES;
				CLANG_ANALYZER_NUMBER_OBJECT_CONVERSION = YES_AGGRESSIVE;
				CLANG_CXX_LANGUAGE_STANDARD = "gnu++20";
				CLANG_ENABLE_MODULES = YES;
				CLANG_ENABLE_OBJC_ARC = YES;
				CLANG_ENABLE_OBJC_WEAK = YES;
				CLANG_WARN_BLOCK_CAPTURE_AUTORELEASING = YES;
				CLANG_WARN_BOOL_CONVERSION = YES;
				CLANG_WARN_COMMA = YES;
				CLANG_WARN_CONSTANT_CONVERSION = YES;
				CLANG_WARN_DEPRECATED_OBJC_IMPLEMENTATIONS = YES;
				CLANG_WARN_DIRECT_OBJC_ISA_USAGE = YES_ERROR;
				CLANG_WARN_DOCUMENTATION_COMMENTS = YES;
				CLANG_WARN_EMPTY_BODY = YES;
				CLANG_WARN_ENUM_CONVERSION = YES;
				CLANG_WARN_INFINITE_RECURSION = YES;
				CLANG_WARN_INT_CONVERSION = YES;
				CLANG_WARN_NON_LITERAL_NULL_CONVERSION = YES;
				CLANG_WARN_OBJC_IMPLICIT_RETAIN_SELF = YES;
				CLANG_WARN_OBJC_LITERAL_CONVERSION = YES;
				CLANG_WARN_OBJC_ROOT_CLASS = YES_ERROR;
				CLANG_WARN_QUOTED_INCLUDE_IN_FRAMEWORK_HEADER = YES;
				CLANG_WARN_RANGE_LOOP_ANALYSIS = YES;
				CLANG_WARN_STRICT_PROTOTYPES = YES;
				CLANG_WARN_SUSPICIOUS_MOVE = YES;
				CLANG_WARN_UNGUARDED_AVAILABILITY = YES_AGGRESSIVE;
				CLANG_WARN_UNREACHABLE_CODE = YES;
				CLANG_WARN__DUPLICATE_METHOD_MATCH = YES;
				COPY_PHASE_STRIP = NO;
				DEBUG_INFORMATION_FORMAT = dwarf;
				ENABLE_STRICT_OBJC_MSGSEND = YES;
				ENABLE_TESTABILITY = YES;
				GCC_C_LANGUAGE_STANDARD = gnu11;
				GCC_DYNAMIC_NO_PIC = NO;
				GCC_NO_COMMON_BLOCKS = YES;
				GCC_OPTIMIZATION_LEVEL = 0;
				GCC_PREPROCESSOR_DEFINITIONS = (
					"DEBUG=1",
					"$(inherited)",
				);
				GCC_WARN_64_TO_32_BIT_CONVERSION = YES;
				GCC_WARN_ABOUT_RETURN_TYPE = YES_ERROR;
				GCC_WARN_UNDECLARED_SELECTOR = YES;
				GCC_WARN_UNINITIALIZED_AUTOS = YES_AGGRESSIVE;
				GCC_WARN_UNUSED_FUNCTION = YES;
				GCC_WARN_UNUSED_VARIABLE = YES;
				IPHONEOS_DEPLOYMENT_TARGET = 16.4;
				MTL_ENABLE_DEBUG_INFO = INCLUDE_SOURCE;
				MTL_FAST_MATH = YES;
				ONLY_ACTIVE_ARCH = YES;
				SDKROOT = iphoneos;
				SWIFT_ACTIVE_COMPILATION_CONDITIONS = DEBUG;
				SWIFT_OPTIMIZATION_LEVEL = "-Onone";
			};
			name = Debug;
		};
		76227CEE2A25403B00FB2456 /* Release */ = {
			isa = XCBuildConfiguration;
			buildSettings = {
				ALWAYS_SEARCH_USER_PATHS = NO;
				CLANG_ANALYZER_NONNULL = YES;
				CLANG_ANALYZER_NUMBER_OBJECT_CONVERSION = YES_AGGRESSIVE;
				CLANG_CXX_LANGUAGE_STANDARD = "gnu++20";
				CLANG_ENABLE_MODULES = YES;
				CLANG_ENABLE_OBJC_ARC = YES;
				CLANG_ENABLE_OBJC_WEAK = YES;
				CLANG_WARN_BLOCK_CAPTURE_AUTORELEASING = YES;
				CLANG_WARN_BOOL_CONVERSION = YES;
				CLANG_WARN_COMMA = YES;
				CLANG_WARN_CONSTANT_CONVERSION = YES;
				CLANG_WARN_DEPRECATED_OBJC_IMPLEMENTATIONS = YES;
				CLANG_WARN_DIRECT_OBJC_ISA_USAGE = YES_ERROR;
				CLANG_WARN_DOCUMENTATION_COMMENTS = YES;
				CLANG_WARN_EMPTY_BODY = YES;
				CLANG_WARN_ENUM_CONVERSION = YES;
				CLANG_WARN_INFINITE_RECURSION = YES;
				CLANG_WARN_INT_CONVERSION = YES;
				CLANG_WARN_NON_LITERAL_NULL_CONVERSION = YES;
				CLANG_WARN_OBJC_IMPLICIT_RETAIN_SELF = YES;
				CLANG_WARN_OBJC_LITERAL_CONVERSION = YES;
				CLANG_WARN_OBJC_ROOT_CLASS = YES_ERROR;
				CLANG_WARN_QUOTED_INCLUDE_IN_FRAMEWORK_HEADER = YES;
				CLANG_WARN_RANGE_LOOP_ANALYSIS = YES;
				CLANG_WARN_STRICT_PROTOTYPES = YES;
				CLANG_WARN_SUSPICIOUS_MOVE = YES;
				CLANG_WARN_UNGUARDED_AVAILABILITY = YES_AGGRESSIVE;
				CLANG_WARN_UNREACHABLE_CODE = YES;
				CLANG_WARN__DUPLICATE_METHOD_MATCH = YES;
				COPY_PHASE_STRIP = NO;
				DEBUG_INFORMATION_FORMAT = "dwarf-with-dsym";
				ENABLE_NS_ASSERTIONS = NO;
				ENABLE_STRICT_OBJC_MSGSEND = YES;
				GCC_C_LANGUAGE_STANDARD = gnu11;
				GCC_NO_COMMON_BLOCKS = YES;
				GCC_WARN_64_TO_32_BIT_CONVERSION = YES;
				GCC_WARN_ABOUT_RETURN_TYPE = YES_ERROR;
				GCC_WARN_UNDECLARED_SELECTOR = YES;
				GCC_WARN_UNINITIALIZED_AUTOS = YES_AGGRESSIVE;
				GCC_WARN_UNUSED_FUNCTION = YES;
				GCC_WARN_UNUSED_VARIABLE = YES;
				IPHONEOS_DEPLOYMENT_TARGET = 16.4;
				MTL_ENABLE_DEBUG_INFO = NO;
				MTL_FAST_MATH = YES;
				SDKROOT = iphoneos;
				SWIFT_COMPILATION_MODE = wholemodule;
				SWIFT_OPTIMIZATION_LEVEL = "-O";
				VALIDATE_PRODUCT = YES;
			};
			name = Release;
		};
		76227CF02A25403B00FB2456 /* Debug */ = {
			isa = XCBuildConfiguration;
			buildSettings = {
				ASSETCATALOG_COMPILER_APPICON_NAME = AppIcon;
				ASSETCATALOG_COMPILER_GLOBAL_ACCENT_COLOR_NAME = AccentColor;
				CODE_SIGN_STYLE = Automatic;
				CURRENT_PROJECT_VERSION = 1;
				DEVELOPMENT_TEAM = YBSCA9MEQ4;
				GENERATE_INFOPLIST_FILE = YES;
				INFOPLIST_FILE = LoadingUIViewControllersInUnitTest/Info.plist;
				INFOPLIST_KEY_UIApplicationSupportsIndirectInputEvents = YES;
				INFOPLIST_KEY_UILaunchStoryboardName = LaunchScreen;
				INFOPLIST_KEY_UIMainStoryboardFile = Main;
				INFOPLIST_KEY_UISupportedInterfaceOrientations_iPad = "UIInterfaceOrientationPortrait UIInterfaceOrientationPortraitUpsideDown UIInterfaceOrientationLandscapeLeft UIInterfaceOrientationLandscapeRight";
				INFOPLIST_KEY_UISupportedInterfaceOrientations_iPhone = "UIInterfaceOrientationPortrait UIInterfaceOrientationLandscapeLeft UIInterfaceOrientationLandscapeRight";
				LD_RUNPATH_SEARCH_PATHS = (
					"$(inherited)",
					"@executable_path/Frameworks",
				);
				MARKETING_VERSION = 1.0;
				PRODUCT_BUNDLE_IDENTIFIER = com.rquesada.LoadingUIViewControllersInUnitTest;
				PRODUCT_NAME = "$(TARGET_NAME)";
				SWIFT_EMIT_LOC_STRINGS = YES;
				SWIFT_VERSION = 5.0;
				TARGETED_DEVICE_FAMILY = "1,2";
			};
			name = Debug;
		};
		76227CF12A25403B00FB2456 /* Release */ = {
			isa = XCBuildConfiguration;
			buildSettings = {
				ASSETCATALOG_COMPILER_APPICON_NAME = AppIcon;
				ASSETCATALOG_COMPILER_GLOBAL_ACCENT_COLOR_NAME = AccentColor;
				CODE_SIGN_STYLE = Automatic;
				CURRENT_PROJECT_VERSION = 1;
				DEVELOPMENT_TEAM = YBSCA9MEQ4;
				GENERATE_INFOPLIST_FILE = YES;
				INFOPLIST_FILE = LoadingUIViewControllersInUnitTest/Info.plist;
				INFOPLIST_KEY_UIApplicationSupportsIndirectInputEvents = YES;
				INFOPLIST_KEY_UILaunchStoryboardName = LaunchScreen;
				INFOPLIST_KEY_UIMainStoryboardFile = Main;
				INFOPLIST_KEY_UISupportedInterfaceOrientations_iPad = "UIInterfaceOrientationPortrait UIInterfaceOrientationPortraitUpsideDown UIInterfaceOrientationLandscapeLeft UIInterfaceOrientationLandscapeRight";
				INFOPLIST_KEY_UISupportedInterfaceOrientations_iPhone = "UIInterfaceOrientationPortrait UIInterfaceOrientationLandscapeLeft UIInterfaceOrientationLandscapeRight";
				LD_RUNPATH_SEARCH_PATHS = (
					"$(inherited)",
					"@executable_path/Frameworks",
				);
				MARKETING_VERSION = 1.0;
				PRODUCT_BUNDLE_IDENTIFIER = com.rquesada.LoadingUIViewControllersInUnitTest;
				PRODUCT_NAME = "$(TARGET_NAME)";
				SWIFT_EMIT_LOC_STRINGS = YES;
				SWIFT_VERSION = 5.0;
				TARGETED_DEVICE_FAMILY = "1,2";
			};
			name = Release;
		};
		76227CFD2A25404E00FB2456 /* Debug */ = {
			isa = XCBuildConfiguration;
			buildSettings = {
				BUNDLE_LOADER = "$(TEST_HOST)";
				CODE_SIGN_STYLE = Automatic;
				CURRENT_PROJECT_VERSION = 1;
				DEVELOPMENT_TEAM = YBSCA9MEQ4;
				GENERATE_INFOPLIST_FILE = YES;
				MARKETING_VERSION = 1.0;
				PRODUCT_BUNDLE_IDENTIFIER = com.rquesada.LoadingUIViewControllersInUnitTestTests;
				PRODUCT_NAME = "$(TARGET_NAME)";
				SWIFT_EMIT_LOC_STRINGS = NO;
				SWIFT_VERSION = 5.0;
				TARGETED_DEVICE_FAMILY = "1,2";
				TEST_HOST = "$(BUILT_PRODUCTS_DIR)/LoadingUIViewControllersInUnitTest.app/$(BUNDLE_EXECUTABLE_FOLDER_PATH)/LoadingUIViewControllersInUnitTest";
			};
			name = Debug;
		};
		76227CFE2A25404E00FB2456 /* Release */ = {
			isa = XCBuildConfiguration;
			buildSettings = {
				BUNDLE_LOADER = "$(TEST_HOST)";
				CODE_SIGN_STYLE = Automatic;
				CURRENT_PROJECT_VERSION = 1;
				DEVELOPMENT_TEAM = YBSCA9MEQ4;
				GENERATE_INFOPLIST_FILE = YES;
				MARKETING_VERSION = 1.0;
				PRODUCT_BUNDLE_IDENTIFIER = com.rquesada.LoadingUIViewControllersInUnitTestTests;
				PRODUCT_NAME = "$(TARGET_NAME)";
				SWIFT_EMIT_LOC_STRINGS = NO;
				SWIFT_VERSION = 5.0;
				TARGETED_DEVICE_FAMILY = "1,2";
				TEST_HOST = "$(BUILT_PRODUCTS_DIR)/LoadingUIViewControllersInUnitTest.app/$(BUNDLE_EXECUTABLE_FOLDER_PATH)/LoadingUIViewControllersInUnitTest";
			};
			name = Release;
		};
/* End XCBuildConfiguration section */

/* Begin XCConfigurationList section */
		76227CD62A25403B00FB2456 /* Build configuration list for PBXProject "LoadingUIViewControllersInUnitTest" */ = {
			isa = XCConfigurationList;
			buildConfigurations = (
				76227CED2A25403B00FB2456 /* Debug */,
				76227CEE2A25403B00FB2456 /* Release */,
			);
			defaultConfigurationIsVisible = 0;
			defaultConfigurationName = Release;
		};
		76227CEF2A25403B00FB2456 /* Build configuration list for PBXNativeTarget "LoadingUIViewControllersInUnitTest" */ = {
			isa = XCConfigurationList;
			buildConfigurations = (
				76227CF02A25403B00FB2456 /* Debug */,
				76227CF12A25403B00FB2456 /* Release */,
			);
			defaultConfigurationIsVisible = 0;
			defaultConfigurationName = Release;
		};
		76227CFC2A25404E00FB2456 /* Build configuration list for PBXNativeTarget "LoadingUIViewControllersInUnitTestTests" */ = {
			isa = XCConfigurationList;
			buildConfigurations = (
				76227CFD2A25404E00FB2456 /* Debug */,
				76227CFE2A25404E00FB2456 /* Release */,
			);
			defaultConfigurationIsVisible = 0;
			defaultConfigurationName = Release;
		};
/* End XCConfigurationList section */
	};
	rootObject = 76227CD32A25403B00FB2456 /* Project object */;
}
